
Microsoft Visual Studio Solution File, Format Version 12.00
# Visual Studio Version 17
VisualStudioVersion = 17.1.32328.378
MinimumVisualStudioVersion = 10.0.40219.1
Project("{FAE04EC0-301F-11D3-BF4B-00C04F79EFBC}") = "TodoListAPI", "TodoListAPI\TodoListAPI.csproj", "{FFBD77EC-C2B7-4476-A87B-03CA259ED261}"
EndProject
Global
	GlobalSection(SolutionConfigurationPlatforms) = preSolution
		Debug|Any CPU = Debug|Any CPU
		Release|Any CPU = Release|Any CPU
	EndGlobalSection
	GlobalSection(ProjectConfigurationPlatforms) = postSolution
		{FFBD77EC-C2B7-4476-A87B-03CA259ED261}.Debug|Any CPU.ActiveCfg = Debug|Any CPU
		{FFBD77EC-C2B7-4476-A87B-03CA259ED261}.Debug|Any CPU.Build.0 = Debug|Any CPU
		{FFBD77EC-C2B7-4476-A87B-03CA259ED261}.Release|Any CPU.ActiveCfg = Release|Any CPU
		{FFBD77EC-C2B7-4476-A87B-03CA259ED261}.Release|Any CPU.Build.0 = Release|Any CPU
	EndGlobalSection
	GlobalSection(SolutionProperties) = preSolution
		HideSolutionNode = FALSE
	EndGlobalSection
	GlobalSection(ExtensibilityGlobals) = postSolution
		SolutionGuid = {D65E3946-0021-4BE6-9303-8ED43571E5F7}
	EndGlobalSection
EndGlobal
